{
  "lockfileVersion": 1,
  "workspaces": {
    "": {
      "name": "varcn",
      "devDependencies": {
        "prettier": "^3.5.3",
        "turbo": "^2.5.4",
        "typescript": "5.8.3",
      },
    },
    "pkgs/varcn": {
      "name": "varcn",
      "devDependencies": {
        "@types/bun": "latest",
      },
      "peerDependencies": {
        "typescript": "^5",
      },
    },
  },
  "packages": {
    "@types/bun": ["@types/bun@1.2.15", "", { "dependencies": { "bun-types": "1.2.15" } }, "sha512-U1ljPdBEphF0nw1MIk0hI7kPg7dFdPyM7EenHsp6W5loNHl7zqy6JQf/RKCgnUn2KDzUpkBwHPnEJEjII594bA=="],

    "@types/node": ["@types/node@24.0.1", "", { "dependencies": { "undici-types": "~7.8.0" } }, "sha512-MX4Zioh39chHlDJbKmEgydJDS3tspMP/lnQC67G3SWsTnb9NeYVWOjkxpOSy4oMfPs4StcWHwBrvUb4ybfnuaw=="],

    "bun-types": ["bun-types@1.2.15", "", { "dependencies": { "@types/node": "*" } }, "sha512-NarRIaS+iOaQU1JPfyKhZm4AsUOrwUOqRNHY0XxI8GI8jYxiLXLcdjYMG9UKS+fwWasc1uw1htV9AX24dD+p4w=="],

    "prettier": ["prettier@3.5.3", "", { "bin": { "prettier": "bin/prettier.cjs" } }, "sha512-QQtaxnoDJeAkDvDKWCLiwIXkTgRhwYDEQCghU9Z6q03iyek/rxRh/2lC3HB7P8sWT2xC/y5JDctPLBIGzHKbhw=="],

    "turbo": ["turbo@2.5.4", "", { "optionalDependencies": { "turbo-darwin-64": "2.5.4", "turbo-darwin-arm64": "2.5.4", "turbo-linux-64": "2.5.4", "turbo-linux-arm64": "2.5.4", "turbo-windows-64": "2.5.4", "turbo-windows-arm64": "2.5.4" }, "bin": { "turbo": "bin/turbo" } }, "sha512-kc8ZibdRcuWUG1pbYSBFWqmIjynlD8Lp7IB6U3vIzvOv9VG+6Sp8bzyeBWE3Oi8XV5KsQrznyRTBPvrf99E4mA=="],

    "turbo-darwin-64": ["turbo-darwin-64@2.5.4", "", { "os": "darwin", "cpu": "x64" }, "sha512-ah6YnH2dErojhFooxEzmvsoZQTMImaruZhFPfMKPBq8sb+hALRdvBNLqfc8NWlZq576FkfRZ/MSi4SHvVFT9PQ=="],

    "turbo-darwin-arm64": ["turbo-darwin-arm64@2.5.4", "", { "os": "darwin", "cpu": "arm64" }, "sha512-2+Nx6LAyuXw2MdXb7pxqle3MYignLvS7OwtsP9SgtSBaMlnNlxl9BovzqdYAgkUW3AsYiQMJ/wBRb7d+xemM5A=="],

    "turbo-linux-64": ["turbo-linux-64@2.5.4", "", { "os": "linux", "cpu": "x64" }, "sha512-5May2kjWbc8w4XxswGAl74GZ5eM4Gr6IiroqdLhXeXyfvWEdm2mFYCSWOzz0/z5cAgqyGidF1jt1qzUR8hTmOA=="],

    "turbo-linux-arm64": ["turbo-linux-arm64@2.5.4", "", { "os": "linux", "cpu": "arm64" }, "sha512-/2yqFaS3TbfxV3P5yG2JUI79P7OUQKOUvAnx4MV9Bdz6jqHsHwc9WZPpO4QseQm+NvmgY6ICORnoVPODxGUiJg=="],

    "turbo-windows-64": ["turbo-windows-64@2.5.4", "", { "os": "win32", "cpu": "x64" }, "sha512-EQUO4SmaCDhO6zYohxIjJpOKRN3wlfU7jMAj3CgcyTPvQR/UFLEKAYHqJOnJtymbQmiiM/ihX6c6W6Uq0yC7mA=="],

    "turbo-windows-arm64": ["turbo-windows-arm64@2.5.4", "", { "os": "win32", "cpu": "arm64" }, "sha512-oQ8RrK1VS8lrxkLriotFq+PiF7iiGgkZtfLKF4DDKsmdbPo0O9R2mQxm7jHLuXraRCuIQDWMIw6dpcr7Iykf4A=="],

    "typescript": ["typescript@5.8.3", "", { "bin": { "tsc": "bin/tsc", "tsserver": "bin/tsserver" } }, "sha512-p1diW6TqL9L07nNxvRMM7hMMw4c5XOo/1ibL4aAIGmSAt9slTE1Xgw5KWuof2uTOvCg9BY7ZRi+GaF+7sfgPeQ=="],

    "undici-types": ["undici-types@7.8.0", "", {}, "sha512-9UJ2xGDvQ43tYyVMpuHlsgApydB8ZKfVYTsLDhXkFL/6gfkp+U8xTGdh8pMJv1SpZna0zxG1DwsKZsreLbXBxw=="],

    "varcn": ["varcn@workspace:pkgs/varcn"],
  }
}
